
Microsoft Visual Studio Solution File, Format Version 12.00
Project("{FAE04EC0-301F-11D3-BF4B-00C04F79EFBC}") = "AdventOfCode", "AdventOfCode.csproj", "{ACF82CE5-AD85-4D61-999B-DE7FD613AC96}"
EndProject
Global
	GlobalSection(SolutionConfigurationPlatforms) = preSolution
		Debug|Any CPU = Debug|Any CPU
		Release|Any CPU = Release|Any CPU
	EndGlobalSection
	GlobalSection(ProjectConfigurationPlatforms) = postSolution
		{ACF82CE5-AD85-4D61-999B-DE7FD613AC96}.Debug|Any CPU.ActiveCfg = Debug|Any CPU
		{ACF82CE5-AD85-4D61-999B-DE7FD613AC96}.Debug|Any CPU.Build.0 = Debug|Any CPU
		{ACF82CE5-AD85-4D61-999B-DE7FD613AC96}.Release|Any CPU.ActiveCfg = Release|Any CPU
		{ACF82CE5-AD85-4D61-999B-DE7FD613AC96}.Release|Any CPU.Build.0 = Release|Any CPU
	EndGlobalSection
EndGlobal
